
Microsoft Visual Studio Solution File, Format Version 12.00
# Visual Studio Version 17
VisualStudioVersion = 17.9.34728.123
MinimumVisualStudioVersion = 10.0.40219.1
Project("{FAE04EC0-301F-11D3-BF4B-00C04F79EFBC}") = "ISP", "ISP\ISP.csproj", "{040E41B4-5256-4F3C-A116-AA85FC73DEC2}"
EndProject
Project("{FAE04EC0-301F-11D3-BF4B-00C04F79EFBC}") = "ISP_Realista", "ISP_Realista\ISP_Realista.csproj", "{D0148ADC-1F4C-4DDF-9E84-720933ED4C0F}"
EndProject
Global
	GlobalSection(SolutionConfigurationPlatforms) = preSolution
		Debug|Any CPU = Debug|Any CPU
		Release|Any CPU = Release|Any CPU
	EndGlobalSection
	GlobalSection(ProjectConfigurationPlatforms) = postSolution
		{040E41B4-5256-4F3C-A116-AA85FC73DEC2}.Debug|Any CPU.ActiveCfg = Debug|Any CPU
		{040E41B4-5256-4F3C-A116-AA85FC73DEC2}.Debug|Any CPU.Build.0 = Debug|Any CPU
		{040E41B4-5256-4F3C-A116-AA85FC73DEC2}.Release|Any CPU.ActiveCfg = Release|Any CPU
		{040E41B4-5256-4F3C-A116-AA85FC73DEC2}.Release|Any CPU.Build.0 = Release|Any CPU
		{D0148ADC-1F4C-4DDF-9E84-720933ED4C0F}.Debug|Any CPU.ActiveCfg = Debug|Any CPU
		{D0148ADC-1F4C-4DDF-9E84-720933ED4C0F}.Debug|Any CPU.Build.0 = Debug|Any CPU
		{D0148ADC-1F4C-4DDF-9E84-720933ED4C0F}.Release|Any CPU.ActiveCfg = Release|Any CPU
		{D0148ADC-1F4C-4DDF-9E84-720933ED4C0F}.Release|Any CPU.Build.0 = Release|Any CPU
	EndGlobalSection
	GlobalSection(SolutionProperties) = preSolution
		HideSolutionNode = FALSE
	EndGlobalSection
	GlobalSection(ExtensibilityGlobals) = postSolution
		SolutionGuid = {193ED160-F263-489D-AE3E-00670176D7D5}
	EndGlobalSection
EndGlobal
